Microsoft Visual Studio Solution File, Format Version 12.00
# Visual Studio 15
VisualStudioVersion = 15.0.26430.4
MinimumVisualStudioVersion = 10.0.40219.1
Project("{9A19103F-16F7-4668-BE54-9A1E7A4F7556}") = "MyBlog.Web", "MyBlog.Web\MyBlog.Web.csproj", "{E66CD932-765B-4108-8B4A-8A60E32A0A19}"
EndProject
Project("{9A19103F-16F7-4668-BE54-9A1E7A4F7556}") = "MyBlog.Core", "MyBlog.Core\MyBlog.Core.csproj", "{25CEB080-BC68-4D17-99A4-7BEC40DD7CE5}"
EndProject
Project("{9A19103F-16F7-4668-BE54-9A1E7A4F7556}") = "MyCommonLib", "MyCommonLib\MyCommonLib.csproj", "{6984FC6A-0A57-40AE-A2DA-F3AB4FD40AF4}"
EndProject
Project("{9A19103F-16F7-4668-BE54-9A1E7A4F7556}") = "MyExtensionsLib", "MyExtensionsLib\MyExtensionsLib.csproj", "{8ECFA012-8B93-45EF-9A86-97FEA3F62BE8}"
EndProject
Global
	GlobalSection(SolutionConfigurationPlatforms) = preSolution
		Debug|Any CPU = Debug|Any CPU
		Release|Any CPU = Release|Any CPU
	EndGlobalSection
	GlobalSection(ProjectConfigurationPlatforms) = postSolution
		{E66CD932-765B-4108-8B4A-8A60E32A0A19}.Debug|Any CPU.ActiveCfg = Debug|Any CPU
		{E66CD932-765B-4108-8B4A-8A60E32A0A19}.Debug|Any CPU.Build.0 = Debug|Any CPU
		{E66CD932-765B-4108-8B4A-8A60E32A0A19}.Release|Any CPU.ActiveCfg = Release|Any CPU
		{E66CD932-765B-4108-8B4A-8A60E32A0A19}.Release|Any CPU.Build.0 = Release|Any CPU
		{25CEB080-BC68-4D17-99A4-7BEC40DD7CE5}.Debug|Any CPU.ActiveCfg = Debug|Any CPU
		{25CEB080-BC68-4D17-99A4-7BEC40DD7CE5}.Debug|Any CPU.Build.0 = Debug|Any CPU
		{25CEB080-BC68-4D17-99A4-7BEC40DD7CE5}.Release|Any CPU.ActiveCfg = Release|Any CPU
		{25CEB080-BC68-4D17-99A4-7BEC40DD7CE5}.Release|Any CPU.Build.0 = Release|Any CPU
		{6984FC6A-0A57-40AE-A2DA-F3AB4FD40AF4}.Debug|Any CPU.ActiveCfg = Debug|Any CPU
		{6984FC6A-0A57-40AE-A2DA-F3AB4FD40AF4}.Debug|Any CPU.Build.0 = Debug|Any CPU
		{6984FC6A-0A57-40AE-A2DA-F3AB4FD40AF4}.Release|Any CPU.ActiveCfg = Release|Any CPU
		{6984FC6A-0A57-40AE-A2DA-F3AB4FD40AF4}.Release|Any CPU.Build.0 = Release|Any CPU
		{8ECFA012-8B93-45EF-9A86-97FEA3F62BE8}.Debug|Any CPU.ActiveCfg = Debug|Any CPU
		{8ECFA012-8B93-45EF-9A86-97FEA3F62BE8}.Debug|Any CPU.Build.0 = Debug|Any CPU
		{8ECFA012-8B93-45EF-9A86-97FEA3F62BE8}.Release|Any CPU.ActiveCfg = Release|Any CPU
		{8ECFA012-8B93-45EF-9A86-97FEA3F62BE8}.Release|Any CPU.Build.0 = Release|Any CPU
	EndGlobalSection
	GlobalSection(SolutionProperties) = preSolution
		HideSolutionNode = FALSE
	EndGlobalSection
	GlobalSection(ExtensibilityGlobals) = postSolution
		SolutionGuid = {E172A755-EEB0-456F-B013-0DE18B9FF760}
	EndGlobalSection
EndGlobal
